// !$*UTF8*$!
{
	archiveVersion = 1;
	classes = {
	};
	objectVersion = 50;
	objects = {

/* Begin PBXBuildFile section */
		6D0DFF1C24B22D9B0095D095 /* TrackDetail.swift in Sources */ = {isa = PBXBuildFile; fileRef = 6D0DFF1B24B22D9B0095D095 /* TrackDetail.swift */; };
		6D0DFF1D24B22E1E0095D095 /* TrackDetail.swift in Sources */ = {isa = PBXBuildFile; fileRef = 6D0DFF1B24B22D9B0095D095 /* TrackDetail.swift */; };
		6D0DFF1F24B2303B0095D095 /* VibeEditView.swift in Sources */ = {isa = PBXBuildFile; fileRef = 6D0DFF1E24B2303B0095D095 /* VibeEditView.swift */; };
		6D0DFF2024B230F60095D095 /* VibeEditView.swift in Sources */ = {isa = PBXBuildFile; fileRef = 6D0DFF1E24B2303B0095D095 /* VibeEditView.swift */; };
		6D10F41124AD14AE00A6A0CA /* Colors.swift in Sources */ = {isa = PBXBuildFile; fileRef = 6D10F41024AD14AE00A6A0CA /* Colors.swift */; };
		6D324C3D24AE88AC00BA13EF /* PlaceholderView.swift in Sources */ = {isa = PBXBuildFile; fileRef = 6D324C3C24AE88AC00BA13EF /* PlaceholderView.swift */; };
		6D324C3E24AE88AC00BA13EF /* PlaceholderView.swift in Sources */ = {isa = PBXBuildFile; fileRef = 6D324C3C24AE88AC00BA13EF /* PlaceholderView.swift */; };
		6D324C4024AE89B800BA13EF /* LibraryView.swift in Sources */ = {isa = PBXBuildFile; fileRef = 6D324C3F24AE89B800BA13EF /* LibraryView.swift */; };
		6D324C4124AE89B800BA13EF /* LibraryView.swift in Sources */ = {isa = PBXBuildFile; fileRef = 6D324C3F24AE89B800BA13EF /* LibraryView.swift */; };
		6D48060724A54EDF00DD8DDF /* VibeChecker.xcdatamodeld in Sources */ = {isa = PBXBuildFile; fileRef = 6D48060524A54EDF00DD8DDF /* VibeChecker.xcdatamodeld */; };
		6D48060824A54EDF00DD8DDF /* VibeChecker.xcdatamodeld in Sources */ = {isa = PBXBuildFile; fileRef = 6D48060524A54EDF00DD8DDF /* VibeChecker.xcdatamodeld */; };
		6D48060C24A551D300DD8DDF /* ITunesImporter.swift in Sources */ = {isa = PBXBuildFile; fileRef = 6D48060A24A551D300DD8DDF /* ITunesImporter.swift */; };
		6D48060D24A551D300DD8DDF /* ITLibraryInterface.swift in Sources */ = {isa = PBXBuildFile; fileRef = 6D48060B24A551D300DD8DDF /* ITLibraryInterface.swift */; };
		6D48061324A5529D00DD8DDF /* Container+forITunesPersistentID.swift in Sources */ = {isa = PBXBuildFile; fileRef = 6D48061124A5529D00DD8DDF /* Container+forITunesPersistentID.swift */; };
		6D48061424A5529D00DD8DDF /* Track+forITunesPersistentID.swift in Sources */ = {isa = PBXBuildFile; fileRef = 6D48061224A5529D00DD8DDF /* Track+forITunesPersistentID.swift */; };
		6D4E01C124ACDFE0008D368B /* Sidebar.swift in Sources */ = {isa = PBXBuildFile; fileRef = 6D4E01C024ACDFE0008D368B /* Sidebar.swift */; };
		6D4E01C224ACDFE0008D368B /* Sidebar.swift in Sources */ = {isa = PBXBuildFile; fileRef = 6D4E01C024ACDFE0008D368B /* Sidebar.swift */; };
		6D4E01C424ACE1DC008D368B /* VibeDetail.swift in Sources */ = {isa = PBXBuildFile; fileRef = 6D4E01C324ACE1DC008D368B /* VibeDetail.swift */; };
		6D4E01C524ACE1DC008D368B /* VibeDetail.swift in Sources */ = {isa = PBXBuildFile; fileRef = 6D4E01C324ACE1DC008D368B /* VibeDetail.swift */; };
		6D4E01C724ACE41A008D368B /* ContainerRow.swift in Sources */ = {isa = PBXBuildFile; fileRef = 6D4E01C624ACE41A008D368B /* ContainerRow.swift */; };
		6D4E01C824ACE41A008D368B /* ContainerRow.swift in Sources */ = {isa = PBXBuildFile; fileRef = 6D4E01C624ACE41A008D368B /* ContainerRow.swift */; };
		6D562FBC24AD1015006943D3 /* EnvironmentKeys.swift in Sources */ = {isa = PBXBuildFile; fileRef = 6D562FBB24AD1015006943D3 /* EnvironmentKeys.swift */; };
		6D562FBD24AD1015006943D3 /* EnvironmentKeys.swift in Sources */ = {isa = PBXBuildFile; fileRef = 6D562FBB24AD1015006943D3 /* EnvironmentKeys.swift */; };
		6D562FBF24AD10ED006943D3 /* PlaylistDetail.swift in Sources */ = {isa = PBXBuildFile; fileRef = 6D562FBE24AD10ED006943D3 /* PlaylistDetail.swift */; };
		6D562FC024AD10ED006943D3 /* PlaylistDetail.swift in Sources */ = {isa = PBXBuildFile; fileRef = 6D562FBE24AD10ED006943D3 /* PlaylistDetail.swift */; };
		6D5F46E624A54E3900411F2D /* Tests_iOS.swift in Sources */ = {isa = PBXBuildFile; fileRef = 6D5F46E524A54E3900411F2D /* Tests_iOS.swift */; };
		6D5F46F124A54E3900411F2D /* Tests_macOS.swift in Sources */ = {isa = PBXBuildFile; fileRef = 6D5F46F024A54E3900411F2D /* Tests_macOS.swift */; };
		6D5F46F324A54E3900411F2D /* VibeCheckerApp.swift in Sources */ = {isa = PBXBuildFile; fileRef = 6D5F46CA24A54E3700411F2D /* VibeCheckerApp.swift */; };
		6D5F46F424A54E3900411F2D /* VibeCheckerApp.swift in Sources */ = {isa = PBXBuildFile; fileRef = 6D5F46CA24A54E3700411F2D /* VibeCheckerApp.swift */; };
		6D5F46F524A54E3900411F2D /* ContentView.swift in Sources */ = {isa = PBXBuildFile; fileRef = 6D5F46CB24A54E3700411F2D /* ContentView.swift */; };
		6D5F46F624A54E3900411F2D /* ContentView.swift in Sources */ = {isa = PBXBuildFile; fileRef = 6D5F46CB24A54E3700411F2D /* ContentView.swift */; };
		6D5F46F724A54E3900411F2D /* Assets.xcassets in Resources */ = {isa = PBXBuildFile; fileRef = 6D5F46CC24A54E3900411F2D /* Assets.xcassets */; };
		6D5F46F824A54E3900411F2D /* Assets.xcassets in Resources */ = {isa = PBXBuildFile; fileRef = 6D5F46CC24A54E3900411F2D /* Assets.xcassets */; };
		6D85D68824A59BD20085E1C3 /* ContainerOutline.swift in Sources */ = {isa = PBXBuildFile; fileRef = 6D85D68724A59BD20085E1C3 /* ContainerOutline.swift */; };
		6D85D68924A59BD20085E1C3 /* ContainerOutline.swift in Sources */ = {isa = PBXBuildFile; fileRef = 6D85D68724A59BD20085E1C3 /* ContainerOutline.swift */; };
		6D8F491C24ABDD9500312F81 /* CoreData.swift in Sources */ = {isa = PBXBuildFile; fileRef = 6D8F491B24ABDD9500312F81 /* CoreData.swift */; };
		6D8F491D24ABDD9500312F81 /* CoreData.swift in Sources */ = {isa = PBXBuildFile; fileRef = 6D8F491B24ABDD9500312F81 /* CoreData.swift */; };
		6D9CB6E824A594C700DED161 /* Container+Extensions.swift in Sources */ = {isa = PBXBuildFile; fileRef = 6D9CB6E724A594C700DED161 /* Container+Extensions.swift */; };
		6D9CB6E924A594C700DED161 /* Container+Extensions.swift in Sources */ = {isa = PBXBuildFile; fileRef = 6D9CB6E724A594C700DED161 /* Container+Extensions.swift */; };
		6DAF3AD124AB943700E27DCE /* ImportView.swift in Sources */ = {isa = PBXBuildFile; fileRef = 6DAF3AD024AB943700E27DCE /* ImportView.swift */; };
		6DAF3AD224AB943700E27DCE /* ImportView.swift in Sources */ = {isa = PBXBuildFile; fileRef = 6DAF3AD024AB943700E27DCE /* ImportView.swift */; };
		6DC3992224AD167E00A235B5 /* TrackRow.swift in Sources */ = {isa = PBXBuildFile; fileRef = 6DC3992124AD167E00A235B5 /* TrackRow.swift */; };
		6DC3992324AD167E00A235B5 /* TrackRow.swift in Sources */ = {isa = PBXBuildFile; fileRef = 6DC3992124AD167E00A235B5 /* TrackRow.swift */; };
		6DC3992524AD16CF00A235B5 /* VibeToken.swift in Sources */ = {isa = PBXBuildFile; fileRef = 6DC3992424AD16CF00A235B5 /* VibeToken.swift */; };
		6DC3992624AD16CF00A235B5 /* VibeToken.swift in Sources */ = {isa = PBXBuildFile; fileRef = 6DC3992424AD16CF00A235B5 /* VibeToken.swift */; };
		6DC40F6324A68C38004E93CC /* tmp.swift in Sources */ = {isa = PBXBuildFile; fileRef = 6DC40F6224A68C38004E93CC /* tmp.swift */; };
		6DDA814E24AD1D6F00413E80 /* TagCloudView.swift in Sources */ = {isa = PBXBuildFile; fileRef = 6DDA814D24AD1D6F00413E80 /* TagCloudView.swift */; };
		6DDA814F24AD1D6F00413E80 /* TagCloudView.swift in Sources */ = {isa = PBXBuildFile; fileRef = 6DDA814D24AD1D6F00413E80 /* TagCloudView.swift */; };
		6DDFFCFF24A65E4D007073A2 /* Track+extensions.swift in Sources */ = {isa = PBXBuildFile; fileRef = 6DDFFCFE24A65E4D007073A2 /* Track+extensions.swift */; };
		6DDFFD0024A65E4D007073A2 /* Track+extensions.swift in Sources */ = {isa = PBXBuildFile; fileRef = 6DDFFCFE24A65E4D007073A2 /* Track+extensions.swift */; };
		6DDFFD0224A6745A007073A2 /* Folder+Extensions.swift in Sources */ = {isa = PBXBuildFile; fileRef = 6DDFFD0124A6745A007073A2 /* Folder+Extensions.swift */; };
		6DDFFD0324A6745A007073A2 /* Folder+Extensions.swift in Sources */ = {isa = PBXBuildFile; fileRef = 6DDFFD0124A6745A007073A2 /* Folder+Extensions.swift */; };
/* End PBXBuildFile section */

/* Begin PBXContainerItemProxy section */
		6D5F46E224A54E3900411F2D /* PBXContainerItemProxy */ = {
			isa = PBXContainerItemProxy;
			containerPortal = 6D5F46C524A54E3700411F2D /* Project object */;
			proxyType = 1;
			remoteGlobalIDString = 6D5F46D024A54E3900411F2D;
			remoteInfo = iOS;
		};
		6D5F46ED24A54E3900411F2D /* PBXContainerItemProxy */ = {
			isa = PBXContainerItemProxy;
			containerPortal = 6D5F46C524A54E3700411F2D /* Project object */;
			proxyType = 1;
			remoteGlobalIDString = 6D5F46D824A54E3900411F2D;
			remoteInfo = macOS;
		};
/* End PBXContainerItemProxy section */

/* Begin PBXFileReference section */
		6D0DFF1B24B22D9B0095D095 /* TrackDetail.swift */ = {isa = PBXFileReference; lastKnownFileType = sourcecode.swift; path = TrackDetail.swift; sourceTree = "<group>"; };
		6D0DFF1E24B2303B0095D095 /* VibeEditView.swift */ = {isa = PBXFileReference; lastKnownFileType = sourcecode.swift; path = VibeEditView.swift; sourceTree = "<group>"; };
		6D10F41024AD14AE00A6A0CA /* Colors.swift */ = {isa = PBXFileReference; lastKnownFileType = sourcecode.swift; path = Colors.swift; sourceTree = "<group>"; };
		6D324C3C24AE88AC00BA13EF /* PlaceholderView.swift */ = {isa = PBXFileReference; lastKnownFileType = sourcecode.swift; path = PlaceholderView.swift; sourceTree = "<group>"; };
		6D324C3F24AE89B800BA13EF /* LibraryView.swift */ = {isa = PBXFileReference; lastKnownFileType = sourcecode.swift; path = LibraryView.swift; sourceTree = "<group>"; };
		6D48060624A54EDF00DD8DDF /* VibeChecker.xcdatamodel */ = {isa = PBXFileReference; lastKnownFileType = wrapper.xcdatamodel; path = VibeChecker.xcdatamodel; sourceTree = "<group>"; };
		6D48060A24A551D300DD8DDF /* ITunesImporter.swift */ = {isa = PBXFileReference; fileEncoding = 4; lastKnownFileType = sourcecode.swift; path = ITunesImporter.swift; sourceTree = "<group>"; };
		6D48060B24A551D300DD8DDF /* ITLibraryInterface.swift */ = {isa = PBXFileReference; fileEncoding = 4; lastKnownFileType = sourcecode.swift; path = ITLibraryInterface.swift; sourceTree = "<group>"; };
		6D48061124A5529D00DD8DDF /* Container+forITunesPersistentID.swift */ = {isa = PBXFileReference; fileEncoding = 4; lastKnownFileType = sourcecode.swift; path = "Container+forITunesPersistentID.swift"; sourceTree = "<group>"; };
		6D48061224A5529D00DD8DDF /* Track+forITunesPersistentID.swift */ = {isa = PBXFileReference; fileEncoding = 4; lastKnownFileType = sourcecode.swift; path = "Track+forITunesPersistentID.swift"; sourceTree = "<group>"; };
		6D4E01C024ACDFE0008D368B /* Sidebar.swift */ = {isa = PBXFileReference; lastKnownFileType = sourcecode.swift; path = Sidebar.swift; sourceTree = "<group>"; };
		6D4E01C324ACE1DC008D368B /* VibeDetail.swift */ = {isa = PBXFileReference; lastKnownFileType = sourcecode.swift; path = VibeDetail.swift; sourceTree = "<group>"; };
		6D4E01C624ACE41A008D368B /* ContainerRow.swift */ = {isa = PBXFileReference; lastKnownFileType = sourcecode.swift; path = ContainerRow.swift; sourceTree = "<group>"; };
		6D562FBB24AD1015006943D3 /* EnvironmentKeys.swift */ = {isa = PBXFileReference; lastKnownFileType = sourcecode.swift; path = EnvironmentKeys.swift; sourceTree = "<group>"; };
		6D562FBE24AD10ED006943D3 /* PlaylistDetail.swift */ = {isa = PBXFileReference; lastKnownFileType = sourcecode.swift; path = PlaylistDetail.swift; sourceTree = "<group>"; };
		6D5F46CA24A54E3700411F2D /* VibeCheckerApp.swift */ = {isa = PBXFileReference; lastKnownFileType = sourcecode.swift; path = VibeCheckerApp.swift; sourceTree = "<group>"; };
		6D5F46CB24A54E3700411F2D /* ContentView.swift */ = {isa = PBXFileReference; lastKnownFileType = sourcecode.swift; path = ContentView.swift; sourceTree = "<group>"; };
		6D5F46CC24A54E3900411F2D /* Assets.xcassets */ = {isa = PBXFileReference; lastKnownFileType = folder.assetcatalog; path = Assets.xcassets; sourceTree = "<group>"; };
		6D5F46D124A54E3900411F2D /* VibeChecker.app */ = {isa = PBXFileReference; explicitFileType = wrapper.application; includeInIndex = 0; path = VibeChecker.app; sourceTree = BUILT_PRODUCTS_DIR; };
		6D5F46D424A54E3900411F2D /* Info.plist */ = {isa = PBXFileReference; lastKnownFileType = text.plist.xml; path = Info.plist; sourceTree = "<group>"; };
		6D5F46D924A54E3900411F2D /* VibeChecker.app */ = {isa = PBXFileReference; explicitFileType = wrapper.application; includeInIndex = 0; path = VibeChecker.app; sourceTree = BUILT_PRODUCTS_DIR; };
		6D5F46DB24A54E3900411F2D /* Info.plist */ = {isa = PBXFileReference; lastKnownFileType = text.plist.xml; path = Info.plist; sourceTree = "<group>"; };
		6D5F46DC24A54E3900411F2D /* macOS.entitlements */ = {isa = PBXFileReference; lastKnownFileType = text.plist.entitlements; path = macOS.entitlements; sourceTree = "<group>"; };
		6D5F46E124A54E3900411F2D /* Tests iOS.xctest */ = {isa = PBXFileReference; explicitFileType = wrapper.cfbundle; includeInIndex = 0; path = "Tests iOS.xctest"; sourceTree = BUILT_PRODUCTS_DIR; };
		6D5F46E524A54E3900411F2D /* Tests_iOS.swift */ = {isa = PBXFileReference; lastKnownFileType = sourcecode.swift; path = Tests_iOS.swift; sourceTree = "<group>"; };
		6D5F46E724A54E3900411F2D /* Info.plist */ = {isa = PBXFileReference; lastKnownFileType = text.plist.xml; path = Info.plist; sourceTree = "<group>"; };
		6D5F46EC24A54E3900411F2D /* Tests macOS.xctest */ = {isa = PBXFileReference; explicitFileType = wrapper.cfbundle; includeInIndex = 0; path = "Tests macOS.xctest"; sourceTree = BUILT_PRODUCTS_DIR; };
		6D5F46F024A54E3900411F2D /* Tests_macOS.swift */ = {isa = PBXFileReference; lastKnownFileType = sourcecode.swift; path = Tests_macOS.swift; sourceTree = "<group>"; };
		6D5F46F224A54E3900411F2D /* Info.plist */ = {isa = PBXFileReference; lastKnownFileType = text.plist.xml; path = Info.plist; sourceTree = "<group>"; };
		6D85D68724A59BD20085E1C3 /* ContainerOutline.swift */ = {isa = PBXFileReference; lastKnownFileType = sourcecode.swift; path = ContainerOutline.swift; sourceTree = "<group>"; };
		6D8F491B24ABDD9500312F81 /* CoreData.swift */ = {isa = PBXFileReference; lastKnownFileType = sourcecode.swift; path = CoreData.swift; sourceTree = "<group>"; };
		6D9CB6E724A594C700DED161 /* Container+Extensions.swift */ = {isa = PBXFileReference; lastKnownFileType = sourcecode.swift; path = "Container+Extensions.swift"; sourceTree = "<group>"; };
		6DAF3AD024AB943700E27DCE /* ImportView.swift */ = {isa = PBXFileReference; lastKnownFileType = sourcecode.swift; path = ImportView.swift; sourceTree = "<group>"; };
		6DC3992124AD167E00A235B5 /* TrackRow.swift */ = {isa = PBXFileReference; lastKnownFileType = sourcecode.swift; path = TrackRow.swift; sourceTree = "<group>"; };
		6DC3992424AD16CF00A235B5 /* VibeToken.swift */ = {isa = PBXFileReference; lastKnownFileType = sourcecode.swift; path = VibeToken.swift; sourceTree = "<group>"; };
		6DC40F6224A68C38004E93CC /* tmp.swift */ = {isa = PBXFileReference; lastKnownFileType = sourcecode.swift; path = tmp.swift; sourceTree = "<group>"; };
		6DDA814D24AD1D6F00413E80 /* TagCloudView.swift */ = {isa = PBXFileReference; lastKnownFileType = sourcecode.swift; path = TagCloudView.swift; sourceTree = "<group>"; };
		6DDFFCFE24A65E4D007073A2 /* Track+extensions.swift */ = {isa = PBXFileReference; lastKnownFileType = sourcecode.swift; path = "Track+extensions.swift"; sourceTree = "<group>"; };
		6DDFFD0124A6745A007073A2 /* Folder+Extensions.swift */ = {isa = PBXFileReference; lastKnownFileType = sourcecode.swift; path = "Folder+Extensions.swift"; sourceTree = "<group>"; };
/* End PBXFileReference section */

/* Begin PBXFrameworksBuildPhase section */
		6D5F46CE24A54E3900411F2D /* Frameworks */ = {
			isa = PBXFrameworksBuildPhase;
			buildActionMask = 2147483647;
			files = (
			);
			runOnlyForDeploymentPostprocessing = 0;
		};
		6D5F46D624A54E3900411F2D /* Frameworks */ = {
			isa = PBXFrameworksBuildPhase;
			buildActionMask = 2147483647;
			files = (
			);
			runOnlyForDeploymentPostprocessing = 0;
		};
		6D5F46DE24A54E3900411F2D /* Frameworks */ = {
			isa = PBXFrameworksBuildPhase;
			buildActionMask = 2147483647;
			files = (
			);
			runOnlyForDeploymentPostprocessing = 0;
		};
		6D5F46E924A54E3900411F2D /* Frameworks */ = {
			isa = PBXFrameworksBuildPhase;
			buildActionMask = 2147483647;
			files = (
			);
			runOnlyForDeploymentPostprocessing = 0;
		};
/* End PBXFrameworksBuildPhase section */

/* Begin PBXGroup section */
		6D10F40F24AD13D800A6A0CA /* MediaLibrary */ = {
			isa = PBXGroup;
			children = (
			);
			path = MediaLibrary;
			sourceTree = "<group>";
		};
		6D48060924A54F2400DD8DDF /* Models */ = {
			isa = PBXGroup;
			children = (
				6D48060524A54EDF00DD8DDF /* VibeChecker.xcdatamodeld */,
				6D9CB6E724A594C700DED161 /* Container+Extensions.swift */,
				6DDFFCFE24A65E4D007073A2 /* Track+extensions.swift */,
				6DDFFD0124A6745A007073A2 /* Folder+Extensions.swift */,
			);
			path = Models;
			sourceTree = "<group>";
		};
		6D48060F24A551E700DD8DDF /* iTunesLibrary */ = {
			isa = PBXGroup;
			children = (
				6D48061124A5529D00DD8DDF /* Container+forITunesPersistentID.swift */,
				6D48061224A5529D00DD8DDF /* Track+forITunesPersistentID.swift */,
				6D48060B24A551D300DD8DDF /* ITLibraryInterface.swift */,
				6D48060A24A551D300DD8DDF /* ITunesImporter.swift */,
				6DC40F6224A68C38004E93CC /* tmp.swift */,
			);
			path = iTunesLibrary;
			sourceTree = "<group>";
		};
		6D5F46C424A54E3700411F2D = {
			isa = PBXGroup;
			children = (
				6D5F46C924A54E3700411F2D /* Shared */,
				6D5F46DA24A54E3900411F2D /* macOS */,
				6D5F46D324A54E3900411F2D /* iOS */,
				6D5F46EF24A54E3900411F2D /* Tests macOS */,
				6D5F46E424A54E3900411F2D /* Tests iOS */,
				6D5F46D224A54E3900411F2D /* Products */,
			);
			sourceTree = "<group>";
		};
		6D5F46C924A54E3700411F2D /* Shared */ = {
			isa = PBXGroup;
			children = (
				6D48060924A54F2400DD8DDF /* Models */,
				6DCA30F024ACCCE40052129F /* Views */,
				6D5F46CA24A54E3700411F2D /* VibeCheckerApp.swift */,
				6D8F491B24ABDD9500312F81 /* CoreData.swift */,
				6D5F46CC24A54E3900411F2D /* Assets.xcassets */,
			);
			path = Shared;
			sourceTree = "<group>";
		};
		6D5F46D224A54E3900411F2D /* Products */ = {
			isa = PBXGroup;
			children = (
				6D5F46D124A54E3900411F2D /* VibeChecker.app */,
				6D5F46D924A54E3900411F2D /* VibeChecker.app */,
				6D5F46E124A54E3900411F2D /* Tests iOS.xctest */,
				6D5F46EC24A54E3900411F2D /* Tests macOS.xctest */,
			);
			name = Products;
			sourceTree = "<group>";
		};
		6D5F46D324A54E3900411F2D /* iOS */ = {
			isa = PBXGroup;
			children = (
				6D10F40F24AD13D800A6A0CA /* MediaLibrary */,
				6D5F46D424A54E3900411F2D /* Info.plist */,
			);
			path = iOS;
			sourceTree = "<group>";
		};
		6D5F46DA24A54E3900411F2D /* macOS */ = {
			isa = PBXGroup;
			children = (
				6D48060F24A551E700DD8DDF /* iTunesLibrary */,
				6D5F46DB24A54E3900411F2D /* Info.plist */,
				6D5F46DC24A54E3900411F2D /* macOS.entitlements */,
				6D10F41024AD14AE00A6A0CA /* Colors.swift */,
			);
			path = macOS;
			sourceTree = "<group>";
		};
		6D5F46E424A54E3900411F2D /* Tests iOS */ = {
			isa = PBXGroup;
			children = (
				6D5F46E524A54E3900411F2D /* Tests_iOS.swift */,
				6D5F46E724A54E3900411F2D /* Info.plist */,
			);
			path = "Tests iOS";
			sourceTree = "<group>";
		};
		6D5F46EF24A54E3900411F2D /* Tests macOS */ = {
			isa = PBXGroup;
			children = (
				6D5F46F024A54E3900411F2D /* Tests_macOS.swift */,
				6D5F46F224A54E3900411F2D /* Info.plist */,
			);
			path = "Tests macOS";
			sourceTree = "<group>";
		};
		6DCA30F024ACCCE40052129F /* Views */ = {
			isa = PBXGroup;
			children = (
				6D562FBB24AD1015006943D3 /* EnvironmentKeys.swift */,
				6D5F46CB24A54E3700411F2D /* ContentView.swift */,
				6DAF3AD024AB943700E27DCE /* ImportView.swift */,
				6D4E01C024ACDFE0008D368B /* Sidebar.swift */,
				6D324C3F24AE89B800BA13EF /* LibraryView.swift */,
				6D4E01C624ACE41A008D368B /* ContainerRow.swift */,
				6D4E01C324ACE1DC008D368B /* VibeDetail.swift */,
				6D562FBE24AD10ED006943D3 /* PlaylistDetail.swift */,
				6DC3992424AD16CF00A235B5 /* VibeToken.swift */,
				6DDA814D24AD1D6F00413E80 /* TagCloudView.swift */,
				6DC3992124AD167E00A235B5 /* TrackRow.swift */,
				6D0DFF1B24B22D9B0095D095 /* TrackDetail.swift */,
				6D0DFF1E24B2303B0095D095 /* VibeEditView.swift */,
				6D85D68724A59BD20085E1C3 /* ContainerOutline.swift */,
				6D324C3C24AE88AC00BA13EF /* PlaceholderView.swift */,
			);
			path = Views;
			sourceTree = "<group>";
		};
/* End PBXGroup section */

/* Begin PBXNativeTarget section */
		6D5F46D024A54E3900411F2D /* iOS */ = {
			isa = PBXNativeTarget;
			buildConfigurationList = 6D5F46FB24A54E3900411F2D /* Build configuration list for PBXNativeTarget "iOS" */;
			buildPhases = (
				6D5F46CD24A54E3900411F2D /* Sources */,
				6D5F46CE24A54E3900411F2D /* Frameworks */,
				6D5F46CF24A54E3900411F2D /* Resources */,
			);
			buildRules = (
			);
			dependencies = (
			);
			name = iOS;
			productName = iOS;
			productReference = 6D5F46D124A54E3900411F2D /* VibeChecker.app */;
			productType = "com.apple.product-type.application";
		};
		6D5F46D824A54E3900411F2D /* macOS */ = {
			isa = PBXNativeTarget;
			buildConfigurationList = 6D5F46FE24A54E3900411F2D /* Build configuration list for PBXNativeTarget "macOS" */;
			buildPhases = (
				6D5F46D524A54E3900411F2D /* Sources */,
				6D5F46D624A54E3900411F2D /* Frameworks */,
				6D5F46D724A54E3900411F2D /* Resources */,
			);
			buildRules = (
			);
			dependencies = (
			);
			name = macOS;
			productName = macOS;
			productReference = 6D5F46D924A54E3900411F2D /* VibeChecker.app */;
			productType = "com.apple.product-type.application";
		};
		6D5F46E024A54E3900411F2D /* Tests iOS */ = {
			isa = PBXNativeTarget;
			buildConfigurationList = 6D5F470124A54E3900411F2D /* Build configuration list for PBXNativeTarget "Tests iOS" */;
			buildPhases = (
				6D5F46DD24A54E3900411F2D /* Sources */,
				6D5F46DE24A54E3900411F2D /* Frameworks */,
				6D5F46DF24A54E3900411F2D /* Resources */,
			);
			buildRules = (
			);
			dependencies = (
				6D5F46E324A54E3900411F2D /* PBXTargetDependency */,
			);
			name = "Tests iOS";
			productName = "Tests iOS";
			productReference = 6D5F46E124A54E3900411F2D /* Tests iOS.xctest */;
			productType = "com.apple.product-type.bundle.ui-testing";
		};
		6D5F46EB24A54E3900411F2D /* Tests macOS */ = {
			isa = PBXNativeTarget;
			buildConfigurationList = 6D5F470424A54E3900411F2D /* Build configuration list for PBXNativeTarget "Tests macOS" */;
			buildPhases = (
				6D5F46E824A54E3900411F2D /* Sources */,
				6D5F46E924A54E3900411F2D /* Frameworks */,
				6D5F46EA24A54E3900411F2D /* Resources */,
			);
			buildRules = (
			);
			dependencies = (
				6D5F46EE24A54E3900411F2D /* PBXTargetDependency */,
			);
			name = "Tests macOS";
			productName = "Tests macOS";
			productReference = 6D5F46EC24A54E3900411F2D /* Tests macOS.xctest */;
			productType = "com.apple.product-type.bundle.ui-testing";
		};
/* End PBXNativeTarget section */

/* Begin PBXProject section */
		6D5F46C524A54E3700411F2D /* Project object */ = {
			isa = PBXProject;
			attributes = {
				LastSwiftUpdateCheck = 1200;
				LastUpgradeCheck = 1200;
				TargetAttributes = {
					6D5F46D024A54E3900411F2D = {
						CreatedOnToolsVersion = 12.0;
					};
					6D5F46D824A54E3900411F2D = {
						CreatedOnToolsVersion = 12.0;
					};
					6D5F46E024A54E3900411F2D = {
						CreatedOnToolsVersion = 12.0;
						TestTargetID = 6D5F46D024A54E3900411F2D;
					};
					6D5F46EB24A54E3900411F2D = {
						CreatedOnToolsVersion = 12.0;
						TestTargetID = 6D5F46D824A54E3900411F2D;
					};
				};
			};
			buildConfigurationList = 6D5F46C824A54E3700411F2D /* Build configuration list for PBXProject "VibeChecker" */;
			compatibilityVersion = "Xcode 9.3";
			developmentRegion = en;
			hasScannedForEncodings = 0;
			knownRegions = (
				en,
				Base,
			);
			mainGroup = 6D5F46C424A54E3700411F2D;
			productRefGroup = 6D5F46D224A54E3900411F2D /* Products */;
			projectDirPath = "";
			projectRoot = "";
			targets = (
				6D5F46D024A54E3900411F2D /* iOS */,
				6D5F46D824A54E3900411F2D /* macOS */,
				6D5F46E024A54E3900411F2D /* Tests iOS */,
				6D5F46EB24A54E3900411F2D /* Tests macOS */,
			);
		};
/* End PBXProject section */

/* Begin PBXResourcesBuildPhase section */
		6D5F46CF24A54E3900411F2D /* Resources */ = {
			isa = PBXResourcesBuildPhase;
			buildActionMask = 2147483647;
			files = (
				6D5F46F724A54E3900411F2D /* Assets.xcassets in Resources */,
			);
			runOnlyForDeploymentPostprocessing = 0;
		};
		6D5F46D724A54E3900411F2D /* Resources */ = {
			isa = PBXResourcesBuildPhase;
			buildActionMask = 2147483647;
			files = (
				6D5F46F824A54E3900411F2D /* Assets.xcassets in Resources */,
			);
			runOnlyForDeploymentPostprocessing = 0;
		};
		6D5F46DF24A54E3900411F2D /* Resources */ = {
			isa = PBXResourcesBuildPhase;
			buildActionMask = 2147483647;
			files = (
			);
			runOnlyForDeploymentPostprocessing = 0;
		};
		6D5F46EA24A54E3900411F2D /* Resources */ = {
			isa = PBXResourcesBuildPhase;
			buildActionMask = 2147483647;
			files = (
			);
			runOnlyForDeploymentPostprocessing = 0;
		};
/* End PBXResourcesBuildPhase section */

/* Begin PBXSourcesBuildPhase section */
		6D5F46CD24A54E3900411F2D /* Sources */ = {
			isa = PBXSourcesBuildPhase;
			buildActionMask = 2147483647;
			files = (
				6DC3992224AD167E00A235B5 /* TrackRow.swift in Sources */,
				6D562FBF24AD10ED006943D3 /* PlaylistDetail.swift in Sources */,
				6D4E01C724ACE41A008D368B /* ContainerRow.swift in Sources */,
				6D0DFF1C24B22D9B0095D095 /* TrackDetail.swift in Sources */,
				6D85D68824A59BD20085E1C3 /* ContainerOutline.swift in Sources */,
				6D0DFF1F24B2303B0095D095 /* VibeEditView.swift in Sources */,
				6DAF3AD124AB943700E27DCE /* ImportView.swift in Sources */,
				6DC3992524AD16CF00A235B5 /* VibeToken.swift in Sources */,
				6DDFFD0224A6745A007073A2 /* Folder+Extensions.swift in Sources */,
				6D5F46F524A54E3900411F2D /* ContentView.swift in Sources */,
				6D324C3D24AE88AC00BA13EF /* PlaceholderView.swift in Sources */,
				6D8F491C24ABDD9500312F81 /* CoreData.swift in Sources */,
				6D4E01C124ACDFE0008D368B /* Sidebar.swift in Sources */,
				6D5F46F324A54E3900411F2D /* VibeCheckerApp.swift in Sources */,
				6D562FBC24AD1015006943D3 /* EnvironmentKeys.swift in Sources */,
				6DDA814E24AD1D6F00413E80 /* TagCloudView.swift in Sources */,
				6DDFFCFF24A65E4D007073A2 /* Track+extensions.swift in Sources */,
				6D48060724A54EDF00DD8DDF /* VibeChecker.xcdatamodeld in Sources */,
				6D324C4024AE89B800BA13EF /* LibraryView.swift in Sources */,
				6D4E01C424ACE1DC008D368B /* VibeDetail.swift in Sources */,
				6D9CB6E824A594C700DED161 /* Container+Extensions.swift in Sources */,
			);
			runOnlyForDeploymentPostprocessing = 0;
		};
		6D5F46D524A54E3900411F2D /* Sources */ = {
			isa = PBXSourcesBuildPhase;
			buildActionMask = 2147483647;
			files = (
				6D5F46F624A54E3900411F2D /* ContentView.swift in Sources */,
				6D10F41124AD14AE00A6A0CA /* Colors.swift in Sources */,
				6DDFFD0324A6745A007073A2 /* Folder+Extensions.swift in Sources */,
				6D48060C24A551D300DD8DDF /* ITunesImporter.swift in Sources */,
				6D562FBD24AD1015006943D3 /* EnvironmentKeys.swift in Sources */,
				6DC3992624AD16CF00A235B5 /* VibeToken.swift in Sources */,
				6D0DFF1D24B22E1E0095D095 /* TrackDetail.swift in Sources */,
				6D5F46F424A54E3900411F2D /* VibeCheckerApp.swift in Sources */,
				6D4E01C524ACE1DC008D368B /* VibeDetail.swift in Sources */,
				6D8F491D24ABDD9500312F81 /* CoreData.swift in Sources */,
				6D4E01C224ACDFE0008D368B /* Sidebar.swift in Sources */,
				6DC3992324AD167E00A235B5 /* TrackRow.swift in Sources */,
				6D4E01C824ACE41A008D368B /* ContainerRow.swift in Sources */,
				6D9CB6E924A594C700DED161 /* Container+Extensions.swift in Sources */,
				6D324C4124AE89B800BA13EF /* LibraryView.swift in Sources */,
				6D48061324A5529D00DD8DDF /* Container+forITunesPersistentID.swift in Sources */,
				6D324C3E24AE88AC00BA13EF /* PlaceholderView.swift in Sources */,
				6D562FC024AD10ED006943D3 /* PlaylistDetail.swift in Sources */,
				6DC40F6324A68C38004E93CC /* tmp.swift in Sources */,
				6D48061424A5529D00DD8DDF /* Track+forITunesPersistentID.swift in Sources */,
				6DDA814F24AD1D6F00413E80 /* TagCloudView.swift in Sources */,
				6DDFFD0024A65E4D007073A2 /* Track+extensions.swift in Sources */,
				6DAF3AD224AB943700E27DCE /* ImportView.swift in Sources */,
				6D48060824A54EDF00DD8DDF /* VibeChecker.xcdatamodeld in Sources */,
				6D85D68924A59BD20085E1C3 /* ContainerOutline.swift in Sources */,
				6D48060D24A551D300DD8DDF /* ITLibraryInterface.swift in Sources */,
				6D0DFF2024B230F60095D095 /* VibeEditView.swift in Sources */,
			);
			runOnlyForDeploymentPostprocessing = 0;
		};
		6D5F46DD24A54E3900411F2D /* Sources */ = {
			isa = PBXSourcesBuildPhase;
			buildActionMask = 2147483647;
			files = (
				6D5F46E624A54E3900411F2D /* Tests_iOS.swift in Sources */,
			);
			runOnlyForDeploymentPostprocessing = 0;
		};
		6D5F46E824A54E3900411F2D /* Sources */ = {
			isa = PBXSourcesBuildPhase;
			buildActionMask = 2147483647;
			files = (
				6D5F46F124A54E3900411F2D /* Tests_macOS.swift in Sources */,
			);
			runOnlyForDeploymentPostprocessing = 0;
		};
/* End PBXSourcesBuildPhase section */

/* Begin PBXTargetDependency section */
		6D5F46E324A54E3900411F2D /* PBXTargetDependency */ = {
			isa = PBXTargetDependency;
			target = 6D5F46D024A54E3900411F2D /* iOS */;
			targetProxy = 6D5F46E224A54E3900411F2D /* PBXContainerItemProxy */;
		};
		6D5F46EE24A54E3900411F2D /* PBXTargetDependency */ = {
			isa = PBXTargetDependency;
			target = 6D5F46D824A54E3900411F2D /* macOS */;
			targetProxy = 6D5F46ED24A54E3900411F2D /* PBXContainerItemProxy */;
		};
/* End PBXTargetDependency section */

/* Begin XCBuildConfiguration section */
		6D5F46F924A54E3900411F2D /* Debug */ = {
			isa = XCBuildConfiguration;
			buildSettings = {
				ALWAYS_SEARCH_USER_PATHS = NO;
				CLANG_ANALYZER_NONNULL = YES;
				CLANG_ANALYZER_NUMBER_OBJECT_CONVERSION = YES_AGGRESSIVE;
				CLANG_CXX_LANGUAGE_STANDARD = "gnu++14";
				CLANG_CXX_LIBRARY = "libc++";
				CLANG_ENABLE_MODULES = YES;
				CLANG_ENABLE_OBJC_ARC = YES;
				CLANG_ENABLE_OBJC_WEAK = YES;
				CLANG_WARN_BLOCK_CAPTURE_AUTORELEASING = YES;
				CLANG_WARN_BOOL_CONVERSION = YES;
				CLANG_WARN_COMMA = YES;
				CLANG_WARN_CONSTANT_CONVERSION = YES;
				CLANG_WARN_DEPRECATED_OBJC_IMPLEMENTATIONS = YES;
				CLANG_WARN_DIRECT_OBJC_ISA_USAGE = YES_ERROR;
				CLANG_WARN_DOCUMENTATION_COMMENTS = YES;
				CLANG_WARN_EMPTY_BODY = YES;
				CLANG_WARN_ENUM_CONVERSION = YES;
				CLANG_WARN_INFINITE_RECURSION = YES;
				CLANG_WARN_INT_CONVERSION = YES;
				CLANG_WARN_NON_LITERAL_NULL_CONVERSION = YES;
				CLANG_WARN_OBJC_IMPLICIT_RETAIN_SELF = YES;
				CLANG_WARN_OBJC_LITERAL_CONVERSION = YES;
				CLANG_WARN_OBJC_ROOT_CLASS = YES_ERROR;
				CLANG_WARN_QUOTED_INCLUDE_IN_FRAMEWORK_HEADER = YES;
				CLANG_WARN_RANGE_LOOP_ANALYSIS = YES;
				CLANG_WARN_STRICT_PROTOTYPES = YES;
				CLANG_WARN_SUSPICIOUS_MOVE = YES;
				CLANG_WARN_UNGUARDED_AVAILABILITY = YES_AGGRESSIVE;
				CLANG_WARN_UNREACHABLE_CODE = YES;
				CLANG_WARN__DUPLICATE_METHOD_MATCH = YES;
				COPY_PHASE_STRIP = NO;
				DEBUG_INFORMATION_FORMAT = dwarf;
				ENABLE_STRICT_OBJC_MSGSEND = YES;
				ENABLE_TESTABILITY = YES;
				GCC_C_LANGUAGE_STANDARD = gnu11;
				GCC_DYNAMIC_NO_PIC = NO;
				GCC_NO_COMMON_BLOCKS = YES;
				GCC_OPTIMIZATION_LEVEL = 0;
				GCC_PREPROCESSOR_DEFINITIONS = (
					"DEBUG=1",
					"$(inherited)",
				);
				GCC_WARN_64_TO_32_BIT_CONVERSION = YES;
				GCC_WARN_ABOUT_RETURN_TYPE = YES_ERROR;
				GCC_WARN_UNDECLARED_SELECTOR = YES;
				GCC_WARN_UNINITIALIZED_AUTOS = YES_AGGRESSIVE;
				GCC_WARN_UNUSED_FUNCTION = YES;
				GCC_WARN_UNUSED_VARIABLE = YES;
				MTL_ENABLE_DEBUG_INFO = INCLUDE_SOURCE;
				MTL_FAST_MATH = YES;
				ONLY_ACTIVE_ARCH = YES;
				SWIFT_ACTIVE_COMPILATION_CONDITIONS = DEBUG;
				SWIFT_OPTIMIZATION_LEVEL = "-Onone";
			};
			name = Debug;
		};
		6D5F46FA24A54E3900411F2D /* Release */ = {
			isa = XCBuildConfiguration;
			buildSettings = {
				ALWAYS_SEARCH_USER_PATHS = NO;
				CLANG_ANALYZER_NONNULL = YES;
				CLANG_ANALYZER_NUMBER_OBJECT_CONVERSION = YES_AGGRESSIVE;
				CLANG_CXX_LANGUAGE_STANDARD = "gnu++14";
				CLANG_CXX_LIBRARY = "libc++";
				CLANG_ENABLE_MODULES = YES;
				CLANG_ENABLE_OBJC_ARC = YES;
				CLANG_ENABLE_OBJC_WEAK = YES;
				CLANG_WARN_BLOCK_CAPTURE_AUTORELEASING = YES;
				CLANG_WARN_BOOL_CONVERSION = YES;
				CLANG_WARN_COMMA = YES;
				CLANG_WARN_CONSTANT_CONVERSION = YES;
				CLANG_WARN_DEPRECATED_OBJC_IMPLEMENTATIONS = YES;
				CLANG_WARN_DIRECT_OBJC_ISA_USAGE = YES_ERROR;
				CLANG_WARN_DOCUMENTATION_COMMENTS = YES;
				CLANG_WARN_EMPTY_BODY = YES;
				CLANG_WARN_ENUM_CONVERSION = YES;
				CLANG_WARN_INFINITE_RECURSION = YES;
				CLANG_WARN_INT_CONVERSION = YES;
				CLANG_WARN_NON_LITERAL_NULL_CONVERSION = YES;
				CLANG_WARN_OBJC_IMPLICIT_RETAIN_SELF = YES;
				CLANG_WARN_OBJC_LITERAL_CONVERSION = YES;
				CLANG_WARN_OBJC_ROOT_CLASS = YES_ERROR;
				CLANG_WARN_QUOTED_INCLUDE_IN_FRAMEWORK_HEADER = YES;
				CLANG_WARN_RANGE_LOOP_ANALYSIS = YES;
				CLANG_WARN_STRICT_PROTOTYPES = YES;
				CLANG_WARN_SUSPICIOUS_MOVE = YES;
				CLANG_WARN_UNGUARDED_AVAILABILITY = YES_AGGRESSIVE;
				CLANG_WARN_UNREACHABLE_CODE = YES;
				CLANG_WARN__DUPLICATE_METHOD_MATCH = YES;
				COPY_PHASE_STRIP = NO;
				DEBUG_INFORMATION_FORMAT = "dwarf-with-dsym";
				ENABLE_NS_ASSERTIONS = NO;
				ENABLE_STRICT_OBJC_MSGSEND = YES;
				GCC_C_LANGUAGE_STANDARD = gnu11;
				GCC_NO_COMMON_BLOCKS = YES;
				GCC_WARN_64_TO_32_BIT_CONVERSION = YES;
				GCC_WARN_ABOUT_RETURN_TYPE = YES_ERROR;
				GCC_WARN_UNDECLARED_SELECTOR = YES;
				GCC_WARN_UNINITIALIZED_AUTOS = YES_AGGRESSIVE;
				GCC_WARN_UNUSED_FUNCTION = YES;
				GCC_WARN_UNUSED_VARIABLE = YES;
				MTL_ENABLE_DEBUG_INFO = NO;
				MTL_FAST_MATH = YES;
				SWIFT_COMPILATION_MODE = wholemodule;
				SWIFT_OPTIMIZATION_LEVEL = "-O";
			};
			name = Release;
		};
		6D5F46FC24A54E3900411F2D /* Debug */ = {
			isa = XCBuildConfiguration;
			buildSettings = {
				ASSETCATALOG_COMPILER_APPICON_NAME = AppIcon;
				ASSETCATALOG_COMPILER_GLOBAL_ACCENT_COLOR_NAME = AccentColor;
				CODE_SIGN_STYLE = Automatic;
				DEVELOPMENT_TEAM = 57853V5JA8;
				ENABLE_PREVIEWS = YES;
				INFOPLIST_FILE = iOS/Info.plist;
				IPHONEOS_DEPLOYMENT_TARGET = 14.0;
				LD_RUNPATH_SEARCH_PATHS = (
					"$(inherited)",
					"@executable_path/Frameworks",
				);
				PRODUCT_BUNDLE_IDENTIFIER = io.toph.VibeChecker;
				PRODUCT_NAME = VibeChecker;
				SDKROOT = iphoneos;
				SWIFT_VERSION = 5.0;
				TARGETED_DEVICE_FAMILY = "1,2";
			};
			name = Debug;
		};
		6D5F46FD24A54E3900411F2D /* Release */ = {
			isa = XCBuildConfiguration;
			buildSettings = {
				ASSETCATALOG_COMPILER_APPICON_NAME = AppIcon;
				ASSETCATALOG_COMPILER_GLOBAL_ACCENT_COLOR_NAME = AccentColor;
				CODE_SIGN_STYLE = Automatic;
				DEVELOPMENT_TEAM = 57853V5JA8;
				ENABLE_PREVIEWS = YES;
				INFOPLIST_FILE = iOS/Info.plist;
				IPHONEOS_DEPLOYMENT_TARGET = 14.0;
				LD_RUNPATH_SEARCH_PATHS = (
					"$(inherited)",
					"@executable_path/Frameworks",
				);
				PRODUCT_BUNDLE_IDENTIFIER = io.toph.VibeChecker;
				PRODUCT_NAME = VibeChecker;
				SDKROOT = iphoneos;
				SWIFT_VERSION = 5.0;
				TARGETED_DEVICE_FAMILY = "1,2";
				VALIDATE_PRODUCT = YES;
			};
			name = Release;
		};
		6D5F46FF24A54E3900411F2D /* Debug */ = {
			isa = XCBuildConfiguration;
			buildSettings = {
				ASSETCATALOG_COMPILER_APPICON_NAME = AppIcon;
				ASSETCATALOG_COMPILER_GLOBAL_ACCENT_COLOR_NAME = AccentColor;
				CODE_SIGN_ENTITLEMENTS = macOS/macOS.entitlements;
				CODE_SIGN_STYLE = Automatic;
				COMBINE_HIDPI_IMAGES = YES;
				DEVELOPMENT_TEAM = 57853V5JA8;
				ENABLE_HARDENED_RUNTIME = YES;
				ENABLE_PREVIEWS = YES;
				INFOPLIST_FILE = macOS/Info.plist;
				LD_RUNPATH_SEARCH_PATHS = (
					"$(inherited)",
					"@executable_path/../Frameworks",
				);
				MACOSX_DEPLOYMENT_TARGET = 11.0;
				PRODUCT_BUNDLE_IDENTIFIER = io.toph.VibeChecker;
				PRODUCT_NAME = VibeChecker;
				SDKROOT = macosx;
				SWIFT_VERSION = 5.0;
			};
			name = Debug;
		};
		6D5F470024A54E3900411F2D /* Release */ = {
			isa = XCBuildConfiguration;
			buildSettings = {
				ASSETCATALOG_COMPILER_APPICON_NAME = AppIcon;
				ASSETCATALOG_COMPILER_GLOBAL_ACCENT_COLOR_NAME = AccentColor;
				CODE_SIGN_ENTITLEMENTS = macOS/macOS.entitlements;
				CODE_SIGN_STYLE = Automatic;
				COMBINE_HIDPI_IMAGES = YES;
				DEVELOPMENT_TEAM = 57853V5JA8;
				ENABLE_HARDENED_RUNTIME = YES;
				ENABLE_PREVIEWS = YES;
				INFOPLIST_FILE = macOS/Info.plist;
				LD_RUNPATH_SEARCH_PATHS = (
					"$(inherited)",
					"@executable_path/../Frameworks",
				);
				MACOSX_DEPLOYMENT_TARGET = 11.0;
				PRODUCT_BUNDLE_IDENTIFIER = io.toph.VibeChecker;
				PRODUCT_NAME = VibeChecker;
				SDKROOT = macosx;
				SWIFT_VERSION = 5.0;
			};
			name = Release;
		};
		6D5F470224A54E3900411F2D /* Debug */ = {
			isa = XCBuildConfiguration;
			buildSettings = {
				ALWAYS_EMBED_SWIFT_STANDARD_LIBRARIES = YES;
				CODE_SIGN_STYLE = Automatic;
				DEVELOPMENT_TEAM = 57853V5JA8;
				INFOPLIST_FILE = "Tests iOS/Info.plist";
				IPHONEOS_DEPLOYMENT_TARGET = 14.0;
				LD_RUNPATH_SEARCH_PATHS = (
					"$(inherited)",
					"@executable_path/Frameworks",
					"@loader_path/Frameworks",
				);
				PRODUCT_BUNDLE_IDENTIFIER = "io.toph.Tests-iOS";
				PRODUCT_NAME = "$(TARGET_NAME)";
				SDKROOT = iphoneos;
				SWIFT_VERSION = 5.0;
				TARGETED_DEVICE_FAMILY = "1,2";
				TEST_TARGET_NAME = iOS;
			};
			name = Debug;
		};
		6D5F470324A54E3900411F2D /* Release */ = {
			isa = XCBuildConfiguration;
			buildSettings = {
				ALWAYS_EMBED_SWIFT_STANDARD_LIBRARIES = YES;
				CODE_SIGN_STYLE = Automatic;
				DEVELOPMENT_TEAM = 57853V5JA8;
				INFOPLIST_FILE = "Tests iOS/Info.plist";
				IPHONEOS_DEPLOYMENT_TARGET = 14.0;
				LD_RUNPATH_SEARCH_PATHS = (
					"$(inherited)",
					"@executable_path/Frameworks",
					"@loader_path/Frameworks",
				);
				PRODUCT_BUNDLE_IDENTIFIER = "io.toph.Tests-iOS";
				PRODUCT_NAME = "$(TARGET_NAME)";
				SDKROOT = iphoneos;
				SWIFT_VERSION = 5.0;
				TARGETED_DEVICE_FAMILY = "1,2";
				TEST_TARGET_NAME = iOS;
				VALIDATE_PRODUCT = YES;
			};
			name = Release;
		};
		6D5F470524A54E3900411F2D /* Debug */ = {
			isa = XCBuildConfiguration;
			buildSettings = {
				ALWAYS_EMBED_SWIFT_STANDARD_LIBRARIES = YES;
				CODE_SIGN_STYLE = Automatic;
				COMBINE_HIDPI_IMAGES = YES;
				DEVELOPMENT_TEAM = 57853V5JA8;
				INFOPLIST_FILE = "Tests macOS/Info.plist";
				LD_RUNPATH_SEARCH_PATHS = (
					"$(inherited)",
					"@executable_path/../Frameworks",
					"@loader_path/../Frameworks",
				);
				MACOSX_DEPLOYMENT_TARGET = 10.16;
				PRODUCT_BUNDLE_IDENTIFIER = "io.toph.Tests-macOS";
				PRODUCT_NAME = "$(TARGET_NAME)";
				SDKROOT = macosx;
				SWIFT_VERSION = 5.0;
				TEST_TARGET_NAME = macOS;
			};
			name = Debug;
		};
		6D5F470624A54E3900411F2D /* Release */ = {
			isa = XCBuildConfiguration;
			buildSettings = {
				ALWAYS_EMBED_SWIFT_STANDARD_LIBRARIES = YES;
				CODE_SIGN_STYLE = Automatic;
				COMBINE_HIDPI_IMAGES = YES;
				DEVELOPMENT_TEAM = 57853V5JA8;
				INFOPLIST_FILE = "Tests macOS/Info.plist";
				LD_RUNPATH_SEARCH_PATHS = (
					"$(inherited)",
					"@executable_path/../Frameworks",
					"@loader_path/../Frameworks",
				);
				MACOSX_DEPLOYMENT_TARGET = 10.16;
				PRODUCT_BUNDLE_IDENTIFIER = "io.toph.Tests-macOS";
				PRODUCT_NAME = "$(TARGET_NAME)";
				SDKROOT = macosx;
				SWIFT_VERSION = 5.0;
				TEST_TARGET_NAME = macOS;
			};
			name = Release;
		};
/* End XCBuildConfiguration section */

/* Begin XCConfigurationList section */
		6D5F46C824A54E3700411F2D /* Build configuration list for PBXProject "VibeChecker" */ = {
			isa = XCConfigurationList;
			buildConfigurations = (
				6D5F46F924A54E3900411F2D /* Debug */,
				6D5F46FA24A54E3900411F2D /* Release */,
			);
			defaultConfigurationIsVisible = 0;
			defaultConfigurationName = Release;
		};
		6D5F46FB24A54E3900411F2D /* Build configuration list for PBXNativeTarget "iOS" */ = {
			isa = XCConfigurationList;
			buildConfigurations = (
				6D5F46FC24A54E3900411F2D /* Debug */,
				6D5F46FD24A54E3900411F2D /* Release */,
			);
			defaultConfigurationIsVisible = 0;
			defaultConfigurationName = Release;
		};
		6D5F46FE24A54E3900411F2D /* Build configuration list for PBXNativeTarget "macOS" */ = {
			isa = XCConfigurationList;
			buildConfigurations = (
				6D5F46FF24A54E3900411F2D /* Debug */,
				6D5F470024A54E3900411F2D /* Release */,
			);
			defaultConfigurationIsVisible = 0;
			defaultConfigurationName = Release;
		};
		6D5F470124A54E3900411F2D /* Build configuration list for PBXNativeTarget "Tests iOS" */ = {
			isa = XCConfigurationList;
			buildConfigurations = (
				6D5F470224A54E3900411F2D /* Debug */,
				6D5F470324A54E3900411F2D /* Release */,
			);
			defaultConfigurationIsVisible = 0;
			defaultConfigurationName = Release;
		};
		6D5F470424A54E3900411F2D /* Build configuration list for PBXNativeTarget "Tests macOS" */ = {
			isa = XCConfigurationList;
			buildConfigurations = (
				6D5F470524A54E3900411F2D /* Debug */,
				6D5F470624A54E3900411F2D /* Release */,
			);
			defaultConfigurationIsVisible = 0;
			defaultConfigurationName = Release;
		};
/* End XCConfigurationList section */

/* Begin XCVersionGroup section */
		6D48060524A54EDF00DD8DDF /* VibeChecker.xcdatamodeld */ = {
			isa = XCVersionGroup;
			children = (
				6D48060624A54EDF00DD8DDF /* VibeChecker.xcdatamodel */,
			);
			currentVersion = 6D48060624A54EDF00DD8DDF /* VibeChecker.xcdatamodel */;
			path = VibeChecker.xcdatamodeld;
			sourceTree = "<group>";
			versionGroupType = wrapper.xcdatamodel;
		};
/* End XCVersionGroup section */
	};
	rootObject = 6D5F46C524A54E3700411F2D /* Project object */;
}
